// !$*UTF8*$!
{
	archiveVersion = 1;
	classes = {
	};
	objectVersion = 46;
	objects = {

/* Begin PBXBuildFile section */
		152EF09D1BD953CA009AADC7 /* Main.storyboard in Resources */ = {isa = PBXBuildFile; fileRef = 152EF09B1BD953CA009AADC7 /* Main.storyboard */; };
		152EF0A61BD97CF7009AADC7 /* GroupMedol.m in Sources */ = {isa = PBXBuildFile; fileRef = 152EF0A51BD97CF7009AADC7 /* GroupMedol.m */; };
		152EF0A91BD99D1A009AADC7 /* LoadSqlistData.m in Sources */ = {isa = PBXBuildFile; fileRef = 152EF0A81BD99D1A009AADC7 /* LoadSqlistData.m */; };
		152EF0AC1BD9AAE5009AADC7 /* ProgramsMedol.m in Sources */ = {isa = PBXBuildFile; fileRef = 152EF0AB1BD9AAE5009AADC7 /* ProgramsMedol.m */; };
		152EF0AD1BD9B4C2009AADC7 /* libsqlite3.dylib in Frameworks */ = {isa = PBXBuildFile; fileRef = 1547C7831BD85B5400CB6A32 /* libsqlite3.dylib */; };
		154556131BD877D200144AC9 /* TSplayerView.m in Sources */ = {isa = PBXBuildFile; fileRef = 154556111BD877D200144AC9 /* TSplayerView.m */; };
		154556141BD877D200144AC9 /* TSplayerView.xib in Resources */ = {isa = PBXBuildFile; fileRef = 154556121BD877D200144AC9 /* TSplayerView.xib */; };
		154556171BD877FE00144AC9 /* PlayerViewController.m in Sources */ = {isa = PBXBuildFile; fileRef = 154556161BD877FE00144AC9 /* PlayerViewController.m */; };
		1547C78B1BD8866000CB6A32 /* ItemMedol .m in Sources */ = {isa = PBXBuildFile; fileRef = 1547C7891BD8866000CB6A32 /* ItemMedol .m */; };
		155C94441BD8AAB20067B0F5 /* SettingTableController.m in Sources */ = {isa = PBXBuildFile; fileRef = 155C94431BD8AAB20067B0F5 /* SettingTableController.m */; };
		155C94691BD8C41C0067B0F5 /* MKAnnotationView+WebCache.m in Sources */ = {isa = PBXBuildFile; fileRef = 155C94491BD8C41C0067B0F5 /* MKAnnotationView+WebCache.m */; };
		155C946A1BD8C41C0067B0F5 /* NSData+ImageContentType.m in Sources */ = {isa = PBXBuildFile; fileRef = 155C944B1BD8C41C0067B0F5 /* NSData+ImageContentType.m */; };
		155C946B1BD8C41C0067B0F5 /* SDImageCache.m in Sources */ = {isa = PBXBuildFile; fileRef = 155C944D1BD8C41C0067B0F5 /* SDImageCache.m */; };
		155C946C1BD8C41C0067B0F5 /* SDWebImageCompat.m in Sources */ = {isa = PBXBuildFile; fileRef = 155C944F1BD8C41C0067B0F5 /* SDWebImageCompat.m */; };
		155C946D1BD8C41C0067B0F5 /* SDWebImageDecoder.m in Sources */ = {isa = PBXBuildFile; fileRef = 155C94511BD8C41C0067B0F5 /* SDWebImageDecoder.m */; };
		155C946E1BD8C41C0067B0F5 /* SDWebImageDownloader.m in Sources */ = {isa = PBXBuildFile; fileRef = 155C94531BD8C41C0067B0F5 /* SDWebImageDownloader.m */; };
		155C946F1BD8C41C0067B0F5 /* SDWebImageDownloaderOperation.m in Sources */ = {isa = PBXBuildFile; fileRef = 155C94551BD8C41C0067B0F5 /* SDWebImageDownloaderOperation.m */; };
		155C94701BD8C41C0067B0F5 /* SDWebImageManager.m in Sources */ = {isa = PBXBuildFile; fileRef = 155C94571BD8C41C0067B0F5 /* SDWebImageManager.m */; };
		155C94711BD8C41C0067B0F5 /* SDWebImagePrefetcher.m in Sources */ = {isa = PBXBuildFile; fileRef = 155C945A1BD8C41C0067B0F5 /* SDWebImagePrefetcher.m */; };
		155C94721BD8C41C0067B0F5 /* UIButton+WebCache.m in Sources */ = {isa = PBXBuildFile; fileRef = 155C945C1BD8C41C0067B0F5 /* UIButton+WebCache.m */; };
		155C94731BD8C41C0067B0F5 /* UIImage+GIF.m in Sources */ = {isa = PBXBuildFile; fileRef = 155C945E1BD8C41C0067B0F5 /* UIImage+GIF.m */; };
		155C94741BD8C41C0067B0F5 /* UIImage+MultiFormat.m in Sources */ = {isa = PBXBuildFile; fileRef = 155C94601BD8C41C0067B0F5 /* UIImage+MultiFormat.m */; };
		155C94751BD8C41C0067B0F5 /* UIImage+WebP.m in Sources */ = {isa = PBXBuildFile; fileRef = 155C94621BD8C41C0067B0F5 /* UIImage+WebP.m */; };
		155C94761BD8C41C0067B0F5 /* UIImageView+HighlightedWebCache.m in Sources */ = {isa = PBXBuildFile; fileRef = 155C94641BD8C41C0067B0F5 /* UIImageView+HighlightedWebCache.m */; };
		155C94771BD8C41C0067B0F5 /* UIImageView+WebCache.m in Sources */ = {isa = PBXBuildFile; fileRef = 155C94661BD8C41C0067B0F5 /* UIImageView+WebCache.m */; };
		155C94781BD8C41C0067B0F5 /* UIView+WebCacheOperation.m in Sources */ = {isa = PBXBuildFile; fileRef = 155C94681BD8C41C0067B0F5 /* UIView+WebCacheOperation.m */; };
		155C947C1BD8C45B0067B0F5 /* MBProgressHUD.m in Sources */ = {isa = PBXBuildFile; fileRef = 155C947B1BD8C45B0067B0F5 /* MBProgressHUD.m */; };
		15829CFF1BD5E9FD0011EDA5 /* main.m in Sources */ = {isa = PBXBuildFile; fileRef = 15829CFE1BD5E9FD0011EDA5 /* main.m */; };
		15829D021BD5E9FD0011EDA5 /* AppDelegate.m in Sources */ = {isa = PBXBuildFile; fileRef = 15829D011BD5E9FD0011EDA5 /* AppDelegate.m */; };
		15829D0A1BD5E9FD0011EDA5 /* Images.xcassets in Resources */ = {isa = PBXBuildFile; fileRef = 15829D091BD5E9FD0011EDA5 /* Images.xcassets */; };
		15829D0D1BD5E9FD0011EDA5 /* LaunchScreen.xib in Resources */ = {isa = PBXBuildFile; fileRef = 15829D0B1BD5E9FD0011EDA5 /* LaunchScreen.xib */; };
		15829D191BD5E9FD0011EDA5 /* LaoliangStoryTests.m in Sources */ = {isa = PBXBuildFile; fileRef = 15829D181BD5E9FD0011EDA5 /* LaoliangStoryTests.m */; };
		15829D341BD5EB210011EDA5 /* TSNavgationController.m in Sources */ = {isa = PBXBuildFile; fileRef = 15829D331BD5EB210011EDA5 /* TSNavgationController.m */; };
		15829D371BD5EB380011EDA5 /* TSTabBarController.m in Sources */ = {isa = PBXBuildFile; fileRef = 15829D361BD5EB380011EDA5 /* TSTabBarController.m */; };
		15DE33541BD7F4F40092A29C /* data.plist in Resources */ = {isa = PBXBuildFile; fileRef = 15DE33531BD7F4F40092A29C /* data.plist */; };
		15DE336F1BD7FE550092A29C /* HomeViewController.m in Sources */ = {isa = PBXBuildFile; fileRef = 15DE335E1BD7FE540092A29C /* HomeViewController.m */; };
		15DE33701BD7FE550092A29C /* StorydetailViewController.m in Sources */ = {isa = PBXBuildFile; fileRef = 15DE33601BD7FE540092A29C /* StorydetailViewController.m */; };
		15DE33801BD7FFCE0092A29C /* ItemView.m in Sources */ = {isa = PBXBuildFile; fileRef = 15DE337C1BD7FFCE0092A29C /* ItemView.m */; };
		15DE33811BD7FFCE0092A29C /* ItemView.xib in Resources */ = {isa = PBXBuildFile; fileRef = 15DE337D1BD7FFCE0092A29C /* ItemView.xib */; };
		15DE33821BD7FFCE0092A29C /* TStorydetailCell.m in Sources */ = {isa = PBXBuildFile; fileRef = 15DE337F1BD7FFCE0092A29C /* TStorydetailCell.m */; };
		15DE33891BD800BD0092A29C /* HistoryController.m in Sources */ = {isa = PBXBuildFile; fileRef = 15DE33861BD800BD0092A29C /* HistoryController.m */; };
		15DE33901BD800C70092A29C /* TSLoadController.m in Sources */ = {isa = PBXBuildFile; fileRef = 15DE338D1BD800C70092A29C /* TSLoadController.m */; };
		15DE339D1BD80E1F0092A29C /* TSBaseMedol.m in Sources */ = {isa = PBXBuildFile; fileRef = 15DE339C1BD80E1F0092A29C /* TSBaseMedol.m */; };
/* End PBXBuildFile section */

/* Begin PBXContainerItemProxy section */
		15829D131BD5E9FD0011EDA5 /* PBXContainerItemProxy */ = {
			isa = PBXContainerItemProxy;
			containerPortal = 15829CF11BD5E9FD0011EDA5 /* Project object */;
			proxyType = 1;
			remoteGlobalIDString = 15829CF81BD5E9FD0011EDA5;
			remoteInfo = LaoliangStory;
		};
/* End PBXContainerItemProxy section */

/* Begin PBXFileReference section */
		152EF09C1BD953CA009AADC7 /* Base */ = {isa = PBXFileReference; lastKnownFileType = file.storyboard; name = Base; path = Base.lproj/Main.storyboard; sourceTree = "<group>"; };
		152EF0A41BD97CF7009AADC7 /* GroupMedol.h */ = {isa = PBXFileReference; fileEncoding = 4; lastKnownFileType = sourcecode.c.h; path = GroupMedol.h; sourceTree = "<group>"; };
		152EF0A51BD97CF7009AADC7 /* GroupMedol.m */ = {isa = PBXFileReference; fileEncoding = 4; lastKnownFileType = sourcecode.c.objc; path = GroupMedol.m; sourceTree = "<group>"; };
		152EF0A71BD99D1A009AADC7 /* LoadSqlistData.h */ = {isa = PBXFileReference; fileEncoding = 4; lastKnownFileType = sourcecode.c.h; path = LoadSqlistData.h; sourceTree = "<group>"; };
		152EF0A81BD99D1A009AADC7 /* LoadSqlistData.m */ = {isa = PBXFileReference; fileEncoding = 4; lastKnownFileType = sourcecode.c.objc; path = LoadSqlistData.m; sourceTree = "<group>"; };
		152EF0AA1BD9AAE5009AADC7 /* ProgramsMedol.h */ = {isa = PBXFileReference; fileEncoding = 4; lastKnownFileType = sourcecode.c.h; path = ProgramsMedol.h; sourceTree = "<group>"; };
		152EF0AB1BD9AAE5009AADC7 /* ProgramsMedol.m */ = {isa = PBXFileReference; fileEncoding = 4; lastKnownFileType = sourcecode.c.objc; path = ProgramsMedol.m; sourceTree = "<group>"; };
		154556101BD877D200144AC9 /* TSplayerView.h */ = {isa = PBXFileReference; fileEncoding = 4; lastKnownFileType = sourcecode.c.h; path = TSplayerView.h; sourceTree = "<group>"; };
		154556111BD877D200144AC9 /* TSplayerView.m */ = {isa = PBXFileReference; fileEncoding = 4; lastKnownFileType = sourcecode.c.objc; path = TSplayerView.m; sourceTree = "<group>"; };
		154556121BD877D200144AC9 /* TSplayerView.xib */ = {isa = PBXFileReference; fileEncoding = 4; lastKnownFileType = file.xib; path = TSplayerView.xib; sourceTree = "<group>"; };
		154556151BD877FE00144AC9 /* PlayerViewController.h */ = {isa = PBXFileReference; fileEncoding = 4; lastKnownFileType = sourcecode.c.h; path = PlayerViewController.h; sourceTree = "<group>"; };
		154556161BD877FE00144AC9 /* PlayerViewController.m */ = {isa = PBXFileReference; fileEncoding = 4; lastKnownFileType = sourcecode.c.objc; path = PlayerViewController.m; sourceTree = "<group>"; };
		1547C7831BD85B5400CB6A32 /* libsqlite3.dylib */ = {isa = PBXFileReference; lastKnownFileType = "compiled.mach-o.dylib"; name = libsqlite3.dylib; path = usr/lib/libsqlite3.dylib; sourceTree = SDKROOT; };
		1547C7891BD8866000CB6A32 /* ItemMedol .m */ = {isa = PBXFileReference; fileEncoding = 4; lastKnownFileType = sourcecode.c.objc; path = "ItemMedol .m"; sourceTree = "<group>"; };
		1547C78A1BD8866000CB6A32 /* ItemMedol.h */ = {isa = PBXFileReference; fileEncoding = 4; lastKnownFileType = sourcecode.c.h; path = ItemMedol.h; sourceTree = "<group>"; };
		155C94421BD8AAB20067B0F5 /* SettingTableController.h */ = {isa = PBXFileReference; fileEncoding = 4; lastKnownFileType = sourcecode.c.h; path = SettingTableController.h; sourceTree = "<group>"; };
		155C94431BD8AAB20067B0F5 /* SettingTableController.m */ = {isa = PBXFileReference; fileEncoding = 4; lastKnownFileType = sourcecode.c.objc; path = SettingTableController.m; sourceTree = "<group>"; };
		155C94481BD8C41C0067B0F5 /* MKAnnotationView+WebCache.h */ = {isa = PBXFileReference; fileEncoding = 4; lastKnownFileType = sourcecode.c.h; path = "MKAnnotationView+WebCache.h"; sourceTree = "<group>"; };
		155C94491BD8C41C0067B0F5 /* MKAnnotationView+WebCache.m */ = {isa = PBXFileReference; fileEncoding = 4; lastKnownFileType = sourcecode.c.objc; path = "MKAnnotationView+WebCache.m"; sourceTree = "<group>"; };
		155C944A1BD8C41C0067B0F5 /* NSData+ImageContentType.h */ = {isa = PBXFileReference; fileEncoding = 4; lastKnownFileType = sourcecode.c.h; path = "NSData+ImageContentType.h"; sourceTree = "<group>"; };
		155C944B1BD8C41C0067B0F5 /* NSData+ImageContentType.m */ = {isa = PBXFileReference; fileEncoding = 4; lastKnownFileType = sourcecode.c.objc; path = "NSData+ImageContentType.m"; sourceTree = "<group>"; };
		155C944C1BD8C41C0067B0F5 /* SDImageCache.h */ = {isa = PBXFileReference; fileEncoding = 4; lastKnownFileType = sourcecode.c.h; path = SDImageCache.h; sourceTree = "<group>"; };
		155C944D1BD8C41C0067B0F5 /* SDImageCache.m */ = {isa = PBXFileReference; fileEncoding = 4; lastKnownFileType = sourcecode.c.objc; path = SDImageCache.m; sourceTree = "<group>"; };
		155C944E1BD8C41C0067B0F5 /* SDWebImageCompat.h */ = {isa = PBXFileReference; fileEncoding = 4; lastKnownFileType = sourcecode.c.h; path = SDWebImageCompat.h; sourceTree = "<group>"; };
		155C944F1BD8C41C0067B0F5 /* SDWebImageCompat.m */ = {isa = PBXFileReference; fileEncoding = 4; lastKnownFileType = sourcecode.c.objc; path = SDWebImageCompat.m; sourceTree = "<group>"; };
		155C94501BD8C41C0067B0F5 /* SDWebImageDecoder.h */ = {isa = PBXFileReference; fileEncoding = 4; lastKnownFileType = sourcecode.c.h; path = SDWebImageDecoder.h; sourceTree = "<group>"; };
		155C94511BD8C41C0067B0F5 /* SDWebImageDecoder.m */ = {isa = PBXFileReference; fileEncoding = 4; lastKnownFileType = sourcecode.c.objc; path = SDWebImageDecoder.m; sourceTree = "<group>"; };
		155C94521BD8C41C0067B0F5 /* SDWebImageDownloader.h */ = {isa = PBXFileReference; fileEncoding = 4; lastKnownFileType = sourcecode.c.h; path = SDWebImageDownloader.h; sourceTree = "<group>"; };
		155C94531BD8C41C0067B0F5 /* SDWebImageDownloader.m */ = {isa = PBXFileReference; fileEncoding = 4; lastKnownFileType = sourcecode.c.objc; path = SDWebImageDownloader.m; sourceTree = "<group>"; };
		155C94541BD8C41C0067B0F5 /* SDWebImageDownloaderOperation.h */ = {isa = PBXFileReference; fileEncoding = 4; lastKnownFileType = sourcecode.c.h; path = SDWebImageDownloaderOperation.h; sourceTree = "<group>"; };
		155C94551BD8C41C0067B0F5 /* SDWebImageDownloaderOperation.m */ = {isa = PBXFileReference; fileEncoding = 4; lastKnownFileType = sourcecode.c.objc; path = SDWebImageDownloaderOperation.m; sourceTree = "<group>"; };
		155C94561BD8C41C0067B0F5 /* SDWebImageManager.h */ = {isa = PBXFileReference; fileEncoding = 4; lastKnownFileType = sourcecode.c.h; path = SDWebImageManager.h; sourceTree = "<group>"; };
		155C94571BD8C41C0067B0F5 /* SDWebImageManager.m */ = {isa = PBXFileReference; fileEncoding = 4; lastKnownFileType = sourcecode.c.objc; path = SDWebImageManager.m; sourceTree = "<group>"; };
		155C94581BD8C41C0067B0F5 /* SDWebImageOperation.h */ = {isa = PBXFileReference; fileEncoding = 4; lastKnownFileType = sourcecode.c.h; path = SDWebImageOperation.h; sourceTree = "<group>"; };
		155C94591BD8C41C0067B0F5 /* SDWebImagePrefetcher.h */ = {isa = PBXFileReference; fileEncoding = 4; lastKnownFileType = sourcecode.c.h; path = SDWebImagePrefetcher.h; sourceTree = "<group>"; };
		155C945A1BD8C41C0067B0F5 /* SDWebImagePrefetcher.m */ = {isa = PBXFileReference; fileEncoding = 4; lastKnownFileType = sourcecode.c.objc; path = SDWebImagePrefetcher.m; sourceTree = "<group>"; };
		155C945B1BD8C41C0067B0F5 /* UIButton+WebCache.h */ = {isa = PBXFileReference; fileEncoding = 4; lastKnownFileType = sourcecode.c.h; path = "UIButton+WebCache.h"; sourceTree = "<group>"; };
		155C945C1BD8C41C0067B0F5 /* UIButton+WebCache.m */ = {isa = PBXFileReference; fileEncoding = 4; lastKnownFileType = sourcecode.c.objc; path = "UIButton+WebCache.m"; sourceTree = "<group>"; };
		155C945D1BD8C41C0067B0F5 /* UIImage+GIF.h */ = {isa = PBXFileReference; fileEncoding = 4; lastKnownFileType = sourcecode.c.h; path = "UIImage+GIF.h"; sourceTree = "<group>"; };
		155C945E1BD8C41C0067B0F5 /* UIImage+GIF.m */ = {isa = PBXFileReference; fileEncoding = 4; lastKnownFileType = sourcecode.c.objc; path = "UIImage+GIF.m"; sourceTree = "<group>"; };
		155C945F1BD8C41C0067B0F5 /* UIImage+MultiFormat.h */ = {isa = PBXFileReference; fileEncoding = 4; lastKnownFileType = sourcecode.c.h; path = "UIImage+MultiFormat.h"; sourceTree = "<group>"; };
		155C94601BD8C41C0067B0F5 /* UIImage+MultiFormat.m */ = {isa = PBXFileReference; fileEncoding = 4; lastKnownFileType = sourcecode.c.objc; path = "UIImage+MultiFormat.m"; sourceTree = "<group>"; };
		155C94611BD8C41C0067B0F5 /* UIImage+WebP.h */ = {isa = PBXFileReference; fileEncoding = 4; lastKnownFileType = sourcecode.c.h; path = "UIImage+WebP.h"; sourceTree = "<group>"; };
		155C94621BD8C41C0067B0F5 /* UIImage+WebP.m */ = {isa = PBXFileReference; fileEncoding = 4; lastKnownFileType = sourcecode.c.objc; path = "UIImage+WebP.m"; sourceTree = "<group>"; };
		155C94631BD8C41C0067B0F5 /* UIImageView+HighlightedWebCache.h */ = {isa = PBXFileReference; fileEncoding = 4; lastKnownFileType = sourcecode.c.h; path = "UIImageView+HighlightedWebCache.h"; sourceTree = "<group>"; };
		155C94641BD8C41C0067B0F5 /* UIImageView+HighlightedWebCache.m */ = {isa = PBXFileReference; fileEncoding = 4; lastKnownFileType = sourcecode.c.objc; path = "UIImageView+HighlightedWebCache.m"; sourceTree = "<group>"; };
		155C94651BD8C41C0067B0F5 /* UIImageView+WebCache.h */ = {isa = PBXFileReference; fileEncoding = 4; lastKnownFileType = sourcecode.c.h; path = "UIImageView+WebCache.h"; sourceTree = "<group>"; };
		155C94661BD8C41C0067B0F5 /* UIImageView+WebCache.m */ = {isa = PBXFileReference; fileEncoding = 4; lastKnownFileType = sourcecode.c.objc; path = "UIImageView+WebCache.m"; sourceTree = "<group>"; };
		155C94671BD8C41C0067B0F5 /* UIView+WebCacheOperation.h */ = {isa = PBXFileReference; fileEncoding = 4; lastKnownFileType = sourcecode.c.h; path = "UIView+WebCacheOperation.h"; sourceTree = "<group>"; };
		155C94681BD8C41C0067B0F5 /* UIView+WebCacheOperation.m */ = {isa = PBXFileReference; fileEncoding = 4; lastKnownFileType = sourcecode.c.objc; path = "UIView+WebCacheOperation.m"; sourceTree = "<group>"; };
		155C947A1BD8C45B0067B0F5 /* MBProgressHUD.h */ = {isa = PBXFileReference; fileEncoding = 4; lastKnownFileType = sourcecode.c.h; path = MBProgressHUD.h; sourceTree = "<group>"; };
		155C947B1BD8C45B0067B0F5 /* MBProgressHUD.m */ = {isa = PBXFileReference; fileEncoding = 4; lastKnownFileType = sourcecode.c.objc; path = MBProgressHUD.m; sourceTree = "<group>"; };
		155C947E1BD9CC890067B0F5 /* Blue Skies.mp3 */ = {isa = PBXFileReference; lastKnownFileType = audio.mp3; path = "Blue Skies.mp3"; sourceTree = "<group>"; };
		155C947F1BD9CC890067B0F5 /* MusicInfo.plist */ = {isa = PBXFileReference; fileEncoding = 4; lastKnownFileType = text.plist.xml; path = MusicInfo.plist; sourceTree = "<group>"; };
		155C94801BD9CC890067B0F5 /* Property List.plist */ = {isa = PBXFileReference; fileEncoding = 4; lastKnownFileType = text.plist.xml; path = "Property List.plist"; sourceTree = "<group>"; };
		155C94811BD9CC890067B0F5 /* Shake It Off.mp3 */ = {isa = PBXFileReference; lastKnownFileType = audio.mp3; path = "Shake It Off.mp3"; sourceTree = "<group>"; };
		155C94821BD9CC890067B0F5 /* Skipalong.mp3 */ = {isa = PBXFileReference; lastKnownFileType = audio.mp3; path = Skipalong.mp3; sourceTree = "<group>"; };
		155C94831BD9CC890067B0F5 /* 山丘.mp3 */ = {isa = PBXFileReference; lastKnownFileType = audio.mp3; path = "山丘.mp3"; sourceTree = "<group>"; };
		155C94841BD9CC890067B0F5 /* 浮夸.mp3 */ = {isa = PBXFileReference; lastKnownFileType = audio.mp3; path = "浮夸.mp3"; sourceTree = "<group>"; };
		155C94851BD9CC890067B0F5 /* 海阔天空.mp3 */ = {isa = PBXFileReference; lastKnownFileType = audio.mp3; path = "海阔天空.mp3"; sourceTree = "<group>"; };
		155C94861BD9CC890067B0F5 /* 菊花爆满山.mp3 */ = {isa = PBXFileReference; lastKnownFileType = audio.mp3; path = "菊花爆满山.mp3"; sourceTree = "<group>"; };
		155C94871BD9CC890067B0F5 /* 默.mp3 */ = {isa = PBXFileReference; lastKnownFileType = audio.mp3; path = "默.mp3"; sourceTree = "<group>"; };
		155C94931BD9CCCD0067B0F5 /* 42c@2x.png */ = {isa = PBXFileReference; lastKnownFileType = image.png; path = "42c@2x.png"; sourceTree = "<group>"; };
		155C94941BD9CCCD0067B0F5 /* 42e@2x.png */ = {isa = PBXFileReference; lastKnownFileType = image.png; path = "42e@2x.png"; sourceTree = "<group>"; };
		155C94951BD9CCCD0067B0F5 /* backimage.png */ = {isa = PBXFileReference; lastKnownFileType = image.png; path = backimage.png; sourceTree = "<group>"; };
		155C94961BD9CCCD0067B0F5 /* bl.png */ = {isa = PBXFileReference; lastKnownFileType = image.png; path = bl.png; sourceTree = "<group>"; };
		155C94971BD9CCCD0067B0F5 /* dd1@2x.png */ = {isa = PBXFileReference; lastKnownFileType = image.png; path = "dd1@2x.png"; sourceTree = "<group>"; };
		155C94981BD9CCCD0067B0F5 /* Default@3x.png */ = {isa = PBXFileReference; lastKnownFileType = image.png; path = "Default@3x.png"; sourceTree = "<group>"; };
		155C94991BD9CCCD0067B0F5 /* hai.png */ = {isa = PBXFileReference; lastKnownFileType = image.png; path = hai.png; sourceTree = "<group>"; };
		155C949A1BD9CCCD0067B0F5 /* hu.png */ = {isa = PBXFileReference; lastKnownFileType = image.png; path = hu.png; sourceTree = "<group>"; };
		155C949B1BD9CCCD0067B0F5 /* img.png */ = {isa = PBXFileReference; lastKnownFileType = image.png; path = img.png; sourceTree = "<group>"; };
		155C949C1BD9CCCD0067B0F5 /* juhua.png */ = {isa = PBXFileReference; lastKnownFileType = image.png; path = juhua.png; sourceTree = "<group>"; };
		155C949D1BD9CCCD0067B0F5 /* le.png */ = {isa = PBXFileReference; lastKnownFileType = image.png; path = le.png; sourceTree = "<group>"; };
		155C949E1BD9CCCD0067B0F5 /* liked@2x.png */ = {isa = PBXFileReference; lastKnownFileType = image.png; path = "liked@2x.png"; sourceTree = "<group>"; };
		155C949F1BD9CCCD0067B0F5 /* mo.png */ = {isa = PBXFileReference; lastKnownFileType = image.png; path = mo.png; sourceTree = "<group>"; };
		155C94A01BD9CCCD0067B0F5 /* pause@2x.png */ = {isa = PBXFileReference; lastKnownFileType = image.png; path = "pause@2x.png"; sourceTree = "<group>"; };
		155C94A11BD9CCCD0067B0F5 /* play1@2x.png */ = {isa = PBXFileReference; lastKnownFileType = image.png; path = "play1@2x.png"; sourceTree = "<group>"; };
		155C94A21BD9CCCD0067B0F5 /* play2@2x.png */ = {isa = PBXFileReference; lastKnownFileType = image.png; path = "play2@2x.png"; sourceTree = "<group>"; };
		155C94A31BD9CCCD0067B0F5 /* play3@2x.png */ = {isa = PBXFileReference; lastKnownFileType = image.png; path = "play3@2x.png"; sourceTree = "<group>"; };
		155C94A41BD9CCCD0067B0F5 /* play4@2x.png */ = {isa = PBXFileReference; lastKnownFileType = image.png; path = "play4@2x.png"; sourceTree = "<group>"; };
		155C94A51BD9CCCD0067B0F5 /* play5@2x.png */ = {isa = PBXFileReference; lastKnownFileType = image.png; path = "play5@2x.png"; sourceTree = "<group>"; };
		155C94A61BD9CCCD0067B0F5 /* rightslider@2x.png */ = {isa = PBXFileReference; lastKnownFileType = image.png; path = "rightslider@2x.png"; sourceTree = "<group>"; };
		155C94A71BD9CCCD0067B0F5 /* shake.png */ = {isa = PBXFileReference; lastKnownFileType = image.png; path = shake.png; sourceTree = "<group>"; };
		155C94A81BD9CCCD0067B0F5 /* shan.png */ = {isa = PBXFileReference; lastKnownFileType = image.png; path = shan.png; sourceTree = "<group>"; };
		155C94A91BD9CCCD0067B0F5 /* share@2x.png */ = {isa = PBXFileReference; lastKnownFileType = image.png; path = "share@2x.png"; sourceTree = "<group>"; };
		155C94AA1BD9CCCD0067B0F5 /* shunxv1@2x.png */ = {isa = PBXFileReference; lastKnownFileType = image.png; path = "shunxv1@2x.png"; sourceTree = "<group>"; };
		155C94AB1BD9CCCD0067B0F5 /* shunxv3@2x.png */ = {isa = PBXFileReference; lastKnownFileType = image.png; path = "shunxv3@2x.png"; sourceTree = "<group>"; };
		155C94AC1BD9CCCD0067B0F5 /* voldrag@2x.png */ = {isa = PBXFileReference; lastKnownFileType = image.png; path = "voldrag@2x.png"; sourceTree = "<group>"; };
		155C94AD1BD9CCCD0067B0F5 /* volleft@2x.png */ = {isa = PBXFileReference; lastKnownFileType = image.png; path = "volleft@2x.png"; sourceTree = "<group>"; };
		155C94AE1BD9CCCD0067B0F5 /* volright@2x.png */ = {isa = PBXFileReference; lastKnownFileType = image.png; path = "volright@2x.png"; sourceTree = "<group>"; };
		155C94AF1BD9CCCD0067B0F5 /* xz@2x.png */ = {isa = PBXFileReference; lastKnownFileType = image.png; path = "xz@2x.png"; sourceTree = "<group>"; };
		15829CF91BD5E9FD0011EDA5 /* LaoliangStory.app */ = {isa = PBXFileReference; explicitFileType = wrapper.application; includeInIndex = 0; path = LaoliangStory.app; sourceTree = BUILT_PRODUCTS_DIR; };
		15829CFD1BD5E9FD0011EDA5 /* Info.plist */ = {isa = PBXFileReference; lastKnownFileType = text.plist.xml; path = Info.plist; sourceTree = "<group>"; };
		15829CFE1BD5E9FD0011EDA5 /* main.m */ = {isa = PBXFileReference; lastKnownFileType = sourcecode.c.objc; path = main.m; sourceTree = "<group>"; };
		15829D001BD5E9FD0011EDA5 /* AppDelegate.h */ = {isa = PBXFileReference; lastKnownFileType = sourcecode.c.h; path = AppDelegate.h; sourceTree = "<group>"; };
		15829D011BD5E9FD0011EDA5 /* AppDelegate.m */ = {isa = PBXFileReference; lastKnownFileType = sourcecode.c.objc; path = AppDelegate.m; sourceTree = "<group>"; };
		15829D091BD5E9FD0011EDA5 /* Images.xcassets */ = {isa = PBXFileReference; lastKnownFileType = folder.assetcatalog; path = Images.xcassets; sourceTree = "<group>"; };
		15829D0C1BD5E9FD0011EDA5 /* Base */ = {isa = PBXFileReference; lastKnownFileType = file.xib; name = Base; path = Base.lproj/LaunchScreen.xib; sourceTree = "<group>"; };
		15829D121BD5E9FD0011EDA5 /* LaoliangStoryTests.xctest */ = {isa = PBXFileReference; explicitFileType = wrapper.cfbundle; includeInIndex = 0; path = LaoliangStoryTests.xctest; sourceTree = BUILT_PRODUCTS_DIR; };
		15829D171BD5E9FD0011EDA5 /* Info.plist */ = {isa = PBXFileReference; lastKnownFileType = text.plist.xml; path = Info.plist; sourceTree = "<group>"; };
		15829D181BD5E9FD0011EDA5 /* LaoliangStoryTests.m */ = {isa = PBXFileReference; lastKnownFileType = sourcecode.c.objc; path = LaoliangStoryTests.m; sourceTree = "<group>"; };
		15829D321BD5EB210011EDA5 /* TSNavgationController.h */ = {isa = PBXFileReference; fileEncoding = 4; lastKnownFileType = sourcecode.c.h; path = TSNavgationController.h; sourceTree = "<group>"; };
		15829D331BD5EB210011EDA5 /* TSNavgationController.m */ = {isa = PBXFileReference; fileEncoding = 4; lastKnownFileType = sourcecode.c.objc; path = TSNavgationController.m; sourceTree = "<group>"; };
		15829D351BD5EB380011EDA5 /* TSTabBarController.h */ = {isa = PBXFileReference; fileEncoding = 4; lastKnownFileType = sourcecode.c.h; path = TSTabBarController.h; sourceTree = "<group>"; };
		15829D361BD5EB380011EDA5 /* TSTabBarController.m */ = {isa = PBXFileReference; fileEncoding = 4; lastKnownFileType = sourcecode.c.objc; path = TSTabBarController.m; sourceTree = "<group>"; };
		15DE33531BD7F4F40092A29C /* data.plist */ = {isa = PBXFileReference; fileEncoding = 4; lastKnownFileType = text.plist.xml; path = data.plist; sourceTree = "<group>"; };
		15DE33551BD7F7D90092A29C /* PrefixHeader.pch */ = {isa = PBXFileReference; lastKnownFileType = sourcecode.c.h; name = PrefixHeader.pch; path = ../PrefixHeader.pch; sourceTree = "<group>"; };
		15DE335D1BD7FE540092A29C /* HomeViewController.h */ = {isa = PBXFileReference; fileEncoding = 4; lastKnownFileType = sourcecode.c.h; path = HomeViewController.h; sourceTree = "<group>"; };
		15DE335E1BD7FE540092A29C /* HomeViewController.m */ = {isa = PBXFileReference; fileEncoding = 4; lastKnownFileType = sourcecode.c.objc; path = HomeViewController.m; sourceTree = "<group>"; };
		15DE335F1BD7FE540092A29C /* StorydetailViewController.h */ = {isa = PBXFileReference; fileEncoding = 4; lastKnownFileType = sourcecode.c.h; path = StorydetailViewController.h; sourceTree = "<group>"; };
		15DE33601BD7FE540092A29C /* StorydetailViewController.m */ = {isa = PBXFileReference; fileEncoding = 4; lastKnownFileType = sourcecode.c.objc; path = StorydetailViewController.m; sourceTree = "<group>"; };
		15DE337B1BD7FFCE0092A29C /* ItemView.h */ = {isa = PBXFileReference; fileEncoding = 4; lastKnownFileType = sourcecode.c.h; path = ItemView.h; sourceTree = "<group>"; };
		15DE337C1BD7FFCE0092A29C /* ItemView.m */ = {isa = PBXFileReference; fileEncoding = 4; lastKnownFileType = sourcecode.c.objc; path = ItemView.m; sourceTree = "<group>"; };
		15DE337D1BD7FFCE0092A29C /* ItemView.xib */ = {isa = PBXFileReference; fileEncoding = 4; lastKnownFileType = file.xib; path = ItemView.xib; sourceTree = "<group>"; };
		15DE337E1BD7FFCE0092A29C /* TStorydetailCell.h */ = {isa = PBXFileReference; fileEncoding = 4; lastKnownFileType = sourcecode.c.h; path = TStorydetailCell.h; sourceTree = "<group>"; };
		15DE337F1BD7FFCE0092A29C /* TStorydetailCell.m */ = {isa = PBXFileReference; fileEncoding = 4; lastKnownFileType = sourcecode.c.objc; path = TStorydetailCell.m; sourceTree = "<group>"; };
		15DE33851BD800BD0092A29C /* HistoryController.h */ = {isa = PBXFileReference; fileEncoding = 4; lastKnownFileType = sourcecode.c.h; path = HistoryController.h; sourceTree = "<group>"; };
		15DE33861BD800BD0092A29C /* HistoryController.m */ = {isa = PBXFileReference; fileEncoding = 4; lastKnownFileType = sourcecode.c.objc; path = HistoryController.m; sourceTree = "<group>"; };
		15DE338C1BD800C70092A29C /* TSLoadController.h */ = {isa = PBXFileReference; fileEncoding = 4; lastKnownFileType = sourcecode.c.h; path = TSLoadController.h; sourceTree = "<group>"; };
		15DE338D1BD800C70092A29C /* TSLoadController.m */ = {isa = PBXFileReference; fileEncoding = 4; lastKnownFileType = sourcecode.c.objc; path = TSLoadController.m; sourceTree = "<group>"; };
		15DE339B1BD80E1F0092A29C /* TSBaseMedol.h */ = {isa = PBXFileReference; fileEncoding = 4; lastKnownFileType = sourcecode.c.h; path = TSBaseMedol.h; sourceTree = "<group>"; };
		15DE339C1BD80E1F0092A29C /* TSBaseMedol.m */ = {isa = PBXFileReference; fileEncoding = 4; lastKnownFileType = sourcecode.c.objc; path = TSBaseMedol.m; sourceTree = "<group>"; };
/* End PBXFileReference section */

/* Begin PBXFrameworksBuildPhase section */
		15829CF61BD5E9FD0011EDA5 /* Frameworks */ = {
			isa = PBXFrameworksBuildPhase;
			buildActionMask = 2147483647;
			files = (
				152EF0AD1BD9B4C2009AADC7 /* libsqlite3.dylib in Frameworks */,
			);
			runOnlyForDeploymentPostprocessing = 0;
		};
		15829D0F1BD5E9FD0011EDA5 /* Frameworks */ = {
			isa = PBXFrameworksBuildPhase;
			buildActionMask = 2147483647;
			files = (
			);
			runOnlyForDeploymentPostprocessing = 0;
		};
/* End PBXFrameworksBuildPhase section */

/* Begin PBXGroup section */
		1547C7851BD8850100CB6A32 /* medol */ = {
			isa = PBXGroup;
			children = (
				1547C78A1BD8866000CB6A32 /* ItemMedol.h */,
				1547C7891BD8866000CB6A32 /* ItemMedol .m */,
				152EF0A41BD97CF7009AADC7 /* GroupMedol.h */,
				152EF0A51BD97CF7009AADC7 /* GroupMedol.m */,
				152EF0AA1BD9AAE5009AADC7 /* ProgramsMedol.h */,
				152EF0AB1BD9AAE5009AADC7 /* ProgramsMedol.m */,
				152EF0A71BD99D1A009AADC7 /* LoadSqlistData.h */,
				152EF0A81BD99D1A009AADC7 /* LoadSqlistData.m */,
			);
			path = medol;
			sourceTree = "<group>";
		};
		155C943E1BD8AA5C0067B0F5 /* Setting */ = {
			isa = PBXGroup;
			children = (
				155C943F1BD8AA5C0067B0F5 /* Controller */,
				155C94401BD8AA5C0067B0F5 /* medol */,
				155C94411BD8AA5C0067B0F5 /* View */,
			);
			name = Setting;
			path = LaoliangStory/Setting;
			sourceTree = "<group>";
		};
		155C943F1BD8AA5C0067B0F5 /* Controller */ = {
			isa = PBXGroup;
			children = (
				155C94421BD8AAB20067B0F5 /* SettingTableController.h */,
				155C94431BD8AAB20067B0F5 /* SettingTableController.m */,
			);
			path = Controller;
			sourceTree = "<group>";
		};
		155C94401BD8AA5C0067B0F5 /* medol */ = {
			isa = PBXGroup;
			children = (
			);
			path = medol;
			sourceTree = "<group>";
		};
		155C94411BD8AA5C0067B0F5 /* View */ = {
			isa = PBXGroup;
			children = (
			);
			path = View;
			sourceTree = "<group>";
		};
		155C94461BD8C41C0067B0F5 /* other */ = {
			isa = PBXGroup;
			children = (
				155C94791BD8C45B0067B0F5 /* MBProgressHUD */,
				155C94471BD8C41C0067B0F5 /* SDWebImage */,
			);
			name = other;
			path = LaoliangStory/other;
			sourceTree = "<group>";
		};
		155C94471BD8C41C0067B0F5 /* SDWebImage */ = {
			isa = PBXGroup;
			children = (
				155C94481BD8C41C0067B0F5 /* MKAnnotationView+WebCache.h */,
				155C94491BD8C41C0067B0F5 /* MKAnnotationView+WebCache.m */,
				155C944A1BD8C41C0067B0F5 /* NSData+ImageContentType.h */,
				155C944B1BD8C41C0067B0F5 /* NSData+ImageContentType.m */,
				155C944C1BD8C41C0067B0F5 /* SDImageCache.h */,
				155C944D1BD8C41C0067B0F5 /* SDImageCache.m */,
				155C944E1BD8C41C0067B0F5 /* SDWebImageCompat.h */,
				155C944F1BD8C41C0067B0F5 /* SDWebImageCompat.m */,
				155C94501BD8C41C0067B0F5 /* SDWebImageDecoder.h */,
				155C94511BD8C41C0067B0F5 /* SDWebImageDecoder.m */,
				155C94521BD8C41C0067B0F5 /* SDWebImageDownloader.h */,
				155C94531BD8C41C0067B0F5 /* SDWebImageDownloader.m */,
				155C94541BD8C41C0067B0F5 /* SDWebImageDownloaderOperation.h */,
				155C94551BD8C41C0067B0F5 /* SDWebImageDownloaderOperation.m */,
				155C94561BD8C41C0067B0F5 /* SDWebImageManager.h */,
				155C94571BD8C41C0067B0F5 /* SDWebImageManager.m */,
				155C94581BD8C41C0067B0F5 /* SDWebImageOperation.h */,
				155C94591BD8C41C0067B0F5 /* SDWebImagePrefetcher.h */,
				155C945A1BD8C41C0067B0F5 /* SDWebImagePrefetcher.m */,
				155C945B1BD8C41C0067B0F5 /* UIButton+WebCache.h */,
				155C945C1BD8C41C0067B0F5 /* UIButton+WebCache.m */,
				155C945D1BD8C41C0067B0F5 /* UIImage+GIF.h */,
				155C945E1BD8C41C0067B0F5 /* UIImage+GIF.m */,
				155C945F1BD8C41C0067B0F5 /* UIImage+MultiFormat.h */,
				155C94601BD8C41C0067B0F5 /* UIImage+MultiFormat.m */,
				155C94611BD8C41C0067B0F5 /* UIImage+WebP.h */,
				155C94621BD8C41C0067B0F5 /* UIImage+WebP.m */,
				155C94631BD8C41C0067B0F5 /* UIImageView+HighlightedWebCache.h */,
				155C94641BD8C41C0067B0F5 /* UIImageView+HighlightedWebCache.m */,
				155C94651BD8C41C0067B0F5 /* UIImageView+WebCache.h */,
				155C94661BD8C41C0067B0F5 /* UIImageView+WebCache.m */,
				155C94671BD8C41C0067B0F5 /* UIView+WebCacheOperation.h */,
				155C94681BD8C41C0067B0F5 /* UIView+WebCacheOperation.m */,
			);
			path = SDWebImage;
			sourceTree = "<group>";
		};
		155C94791BD8C45B0067B0F5 /* MBProgressHUD */ = {
			isa = PBXGroup;
			children = (
				155C947A1BD8C45B0067B0F5 /* MBProgressHUD.h */,
				155C947B1BD8C45B0067B0F5 /* MBProgressHUD.m */,
			);
			path = MBProgressHUD;
			sourceTree = "<group>";
		};
		155C947D1BD9CC890067B0F5 /* 音乐 */ = {
			isa = PBXGroup;
			children = (
				155C94921BD9CCCD0067B0F5 /* 图片素材 */,
				155C947E1BD9CC890067B0F5 /* Blue Skies.mp3 */,
				155C947F1BD9CC890067B0F5 /* MusicInfo.plist */,
				155C94801BD9CC890067B0F5 /* Property List.plist */,
				155C94811BD9CC890067B0F5 /* Shake It Off.mp3 */,
				155C94821BD9CC890067B0F5 /* Skipalong.mp3 */,
				155C94831BD9CC890067B0F5 /* 山丘.mp3 */,
				155C94841BD9CC890067B0F5 /* 浮夸.mp3 */,
				155C94851BD9CC890067B0F5 /* 海阔天空.mp3 */,
				155C94861BD9CC890067B0F5 /* 菊花爆满山.mp3 */,
				155C94871BD9CC890067B0F5 /* 默.mp3 */,
			);
			path = "音乐";
			sourceTree = "<group>";
		};
		155C94921BD9CCCD0067B0F5 /* 图片素材 */ = {
			isa = PBXGroup;
			children = (
				155C94931BD9CCCD0067B0F5 /* 42c@2x.png */,
				155C94941BD9CCCD0067B0F5 /* 42e@2x.png */,
				155C94951BD9CCCD0067B0F5 /* backimage.png */,
				155C94961BD9CCCD0067B0F5 /* bl.png */,
				155C94971BD9CCCD0067B0F5 /* dd1@2x.png */,
				155C94981BD9CCCD0067B0F5 /* Default@3x.png */,
				155C94991BD9CCCD0067B0F5 /* hai.png */,
				155C949A1BD9CCCD0067B0F5 /* hu.png */,
				155C949B1BD9CCCD0067B0F5 /* img.png */,
				155C949C1BD9CCCD0067B0F5 /* juhua.png */,
				155C949D1BD9CCCD0067B0F5 /* le.png */,
				155C949E1BD9CCCD0067B0F5 /* liked@2x.png */,
				155C949F1BD9CCCD0067B0F5 /* mo.png */,
				155C94A01BD9CCCD0067B0F5 /* pause@2x.png */,
				155C94A11BD9CCCD0067B0F5 /* play1@2x.png */,
				155C94A21BD9CCCD0067B0F5 /* play2@2x.png */,
				155C94A31BD9CCCD0067B0F5 /* play3@2x.png */,
				155C94A41BD9CCCD0067B0F5 /* play4@2x.png */,
				155C94A51BD9CCCD0067B0F5 /* play5@2x.png */,
				155C94A61BD9CCCD0067B0F5 /* rightslider@2x.png */,
				155C94A71BD9CCCD0067B0F5 /* shake.png */,
				155C94A81BD9CCCD0067B0F5 /* shan.png */,
				155C94A91BD9CCCD0067B0F5 /* share@2x.png */,
				155C94AA1BD9CCCD0067B0F5 /* shunxv1@2x.png */,
				155C94AB1BD9CCCD0067B0F5 /* shunxv3@2x.png */,
				155C94AC1BD9CCCD0067B0F5 /* voldrag@2x.png */,
				155C94AD1BD9CCCD0067B0F5 /* volleft@2x.png */,
				155C94AE1BD9CCCD0067B0F5 /* volright@2x.png */,
				155C94AF1BD9CCCD0067B0F5 /* xz@2x.png */,
			);
			path = "图片素材";
			sourceTree = "<group>";
		};
		15829CF01BD5E9FD0011EDA5 = {
			isa = PBXGroup;
			children = (
				155C947D1BD9CC890067B0F5 /* 音乐 */,
				155C94461BD8C41C0067B0F5 /* other */,
				1547C7831BD85B5400CB6A32 /* libsqlite3.dylib */,
				15DE335B1BD7FE540092A29C /* Home */,
				15DE338A1BD800C70092A29C /* Download */,
				15DE33831BD800BD0092A29C /* History */,
				155C943E1BD8AA5C0067B0F5 /* Setting */,
				15829CFB1BD5E9FD0011EDA5 /* LaoliangStory */,
				15829D151BD5E9FD0011EDA5 /* LaoliangStoryTests */,
				15829CFA1BD5E9FD0011EDA5 /* Products */,
			);
			sourceTree = "<group>";
		};
		15829CFA1BD5E9FD0011EDA5 /* Products */ = {
			isa = PBXGroup;
			children = (
				15829CF91BD5E9FD0011EDA5 /* LaoliangStory.app */,
				15829D121BD5E9FD0011EDA5 /* LaoliangStoryTests.xctest */,
			);
			name = Products;
			sourceTree = "<group>";
		};
		15829CFB1BD5E9FD0011EDA5 /* LaoliangStory */ = {
			isa = PBXGroup;
			children = (
				15829D001BD5E9FD0011EDA5 /* AppDelegate.h */,
				15829D011BD5E9FD0011EDA5 /* AppDelegate.m */,
				15829D351BD5EB380011EDA5 /* TSTabBarController.h */,
				15829D361BD5EB380011EDA5 /* TSTabBarController.m */,
				15829D321BD5EB210011EDA5 /* TSNavgationController.h */,
				15829D331BD5EB210011EDA5 /* TSNavgationController.m */,
				15DE33551BD7F7D90092A29C /* PrefixHeader.pch */,
				15829D091BD5E9FD0011EDA5 /* Images.xcassets */,
				152EF09B1BD953CA009AADC7 /* Main.storyboard */,
				15829D0B1BD5E9FD0011EDA5 /* LaunchScreen.xib */,
				15829CFC1BD5E9FD0011EDA5 /* Supporting Files */,
			);
			path = LaoliangStory;
			sourceTree = "<group>";
		};
		15829CFC1BD5E9FD0011EDA5 /* Supporting Files */ = {
			isa = PBXGroup;
			children = (
				15DE33531BD7F4F40092A29C /* data.plist */,
				15829CFD1BD5E9FD0011EDA5 /* Info.plist */,
				15829CFE1BD5E9FD0011EDA5 /* main.m */,
			);
			name = "Supporting Files";
			sourceTree = "<group>";
		};
		15829D151BD5E9FD0011EDA5 /* LaoliangStoryTests */ = {
			isa = PBXGroup;
			children = (
				15829D181BD5E9FD0011EDA5 /* LaoliangStoryTests.m */,
				15829D161BD5E9FD0011EDA5 /* Supporting Files */,
			);
			path = LaoliangStoryTests;
			sourceTree = "<group>";
		};
		15829D161BD5E9FD0011EDA5 /* Supporting Files */ = {
			isa = PBXGroup;
			children = (
				15829D171BD5E9FD0011EDA5 /* Info.plist */,
			);
			name = "Supporting Files";
			sourceTree = "<group>";
		};
		15DE335B1BD7FE540092A29C /* Home */ = {
			isa = PBXGroup;
			children = (
				15DE335C1BD7FE540092A29C /* Controller */,
				1547C7851BD8850100CB6A32 /* medol */,
				15DE339B1BD80E1F0092A29C /* TSBaseMedol.h */,
				15DE339C1BD80E1F0092A29C /* TSBaseMedol.m */,
				15DE337A1BD7FFCE0092A29C /* View */,
			);
			name = Home;
			path = LaoliangStory/Home;
			sourceTree = "<group>";
		};
		15DE335C1BD7FE540092A29C /* Controller */ = {
			isa = PBXGroup;
			children = (
				15DE335D1BD7FE540092A29C /* HomeViewController.h */,
				15DE335E1BD7FE540092A29C /* HomeViewController.m */,
				15DE335F1BD7FE540092A29C /* StorydetailViewController.h */,
				15DE33601BD7FE540092A29C /* StorydetailViewController.m */,
				154556151BD877FE00144AC9 /* PlayerViewController.h */,
				154556161BD877FE00144AC9 /* PlayerViewController.m */,
			);
			path = Controller;
			sourceTree = "<group>";
		};
		15DE337A1BD7FFCE0092A29C /* View */ = {
			isa = PBXGroup;
			children = (
				15DE337B1BD7FFCE0092A29C /* ItemView.h */,
				15DE337C1BD7FFCE0092A29C /* ItemView.m */,
				15DE337D1BD7FFCE0092A29C /* ItemView.xib */,
				15DE337E1BD7FFCE0092A29C /* TStorydetailCell.h */,
				15DE337F1BD7FFCE0092A29C /* TStorydetailCell.m */,
				154556101BD877D200144AC9 /* TSplayerView.h */,
				154556111BD877D200144AC9 /* TSplayerView.m */,
				154556121BD877D200144AC9 /* TSplayerView.xib */,
			);
			path = View;
			sourceTree = "<group>";
		};
		15DE33831BD800BD0092A29C /* History */ = {
			isa = PBXGroup;
			children = (
				15DE33841BD800BD0092A29C /* Controller */,
				15DE33871BD800BD0092A29C /* medol */,
				15DE33881BD800BD0092A29C /* View */,
			);
			name = History;
			path = LaoliangStory/History;
			sourceTree = "<group>";
		};
		15DE33841BD800BD0092A29C /* Controller */ = {
			isa = PBXGroup;
			children = (
				15DE33851BD800BD0092A29C /* HistoryController.h */,
				15DE33861BD800BD0092A29C /* HistoryController.m */,
			);
			path = Controller;
			sourceTree = "<group>";
		};
		15DE33871BD800BD0092A29C /* medol */ = {
			isa = PBXGroup;
			children = (
			);
			path = medol;
			sourceTree = "<group>";
		};
		15DE33881BD800BD0092A29C /* View */ = {
			isa = PBXGroup;
			children = (
			);
			path = View;
			sourceTree = "<group>";
		};
		15DE338A1BD800C70092A29C /* Download */ = {
			isa = PBXGroup;
			children = (
				15DE338B1BD800C70092A29C /* Controller */,
				15DE338E1BD800C70092A29C /* medol */,
				15DE338F1BD800C70092A29C /* View */,
			);
			name = Download;
			path = LaoliangStory/Download;
			sourceTree = "<group>";
		};
		15DE338B1BD800C70092A29C /* Controller */ = {
			isa = PBXGroup;
			children = (
				15DE338C1BD800C70092A29C /* TSLoadController.h */,
				15DE338D1BD800C70092A29C /* TSLoadController.m */,
			);
			path = Controller;
			sourceTree = "<group>";
		};
		15DE338E1BD800C70092A29C /* medol */ = {
			isa = PBXGroup;
			children = (
			);
			path = medol;
			sourceTree = "<group>";
		};
		15DE338F1BD800C70092A29C /* View */ = {
			isa = PBXGroup;
			children = (
			);
			path = View;
			sourceTree = "<group>";
		};
/* End PBXGroup section */

/* Begin PBXNativeTarget section */
		15829CF81BD5E9FD0011EDA5 /* LaoliangStory */ = {
			isa = PBXNativeTarget;
			buildConfigurationList = 15829D1C1BD5E9FD0011EDA5 /* Build configuration list for PBXNativeTarget "LaoliangStory" */;
			buildPhases = (
				15829CF51BD5E9FD0011EDA5 /* Sources */,
				15829CF61BD5E9FD0011EDA5 /* Frameworks */,
				15829CF71BD5E9FD0011EDA5 /* Resources */,
			);
			buildRules = (
			);
			dependencies = (
			);
			name = LaoliangStory;
			productName = LaoliangStory;
			productReference = 15829CF91BD5E9FD0011EDA5 /* LaoliangStory.app */;
			productType = "com.apple.product-type.application";
		};
		15829D111BD5E9FD0011EDA5 /* LaoliangStoryTests */ = {
			isa = PBXNativeTarget;
			buildConfigurationList = 15829D1F1BD5E9FD0011EDA5 /* Build configuration list for PBXNativeTarget "LaoliangStoryTests" */;
			buildPhases = (
				15829D0E1BD5E9FD0011EDA5 /* Sources */,
				15829D0F1BD5E9FD0011EDA5 /* Frameworks */,
				15829D101BD5E9FD0011EDA5 /* Resources */,
			);
			buildRules = (
			);
			dependencies = (
				15829D141BD5E9FD0011EDA5 /* PBXTargetDependency */,
			);
			name = LaoliangStoryTests;
			productName = LaoliangStoryTests;
			productReference = 15829D121BD5E9FD0011EDA5 /* LaoliangStoryTests.xctest */;
			productType = "com.apple.product-type.bundle.unit-test";
		};
/* End PBXNativeTarget section */

/* Begin PBXProject section */
		15829CF11BD5E9FD0011EDA5 /* Project object */ = {
			isa = PBXProject;
			attributes = {
				LastUpgradeCheck = 0620;
				ORGANIZATIONNAME = tens;
				TargetAttributes = {
					15829CF81BD5E9FD0011EDA5 = {
						CreatedOnToolsVersion = 6.2;
					};
					15829D111BD5E9FD0011EDA5 = {
						CreatedOnToolsVersion = 6.2;
						TestTargetID = 15829CF81BD5E9FD0011EDA5;
					};
				};
			};
			buildConfigurationList = 15829CF41BD5E9FD0011EDA5 /* Build configuration list for PBXProject "LaoliangStory" */;
			compatibilityVersion = "Xcode 3.2";
			developmentRegion = English;
			hasScannedForEncodings = 0;
			knownRegions = (
				en,
				Base,
			);
			mainGroup = 15829CF01BD5E9FD0011EDA5;
			productRefGroup = 15829CFA1BD5E9FD0011EDA5 /* Products */;
			projectDirPath = "";
			projectRoot = "";
			targets = (
				15829CF81BD5E9FD0011EDA5 /* LaoliangStory */,
				15829D111BD5E9FD0011EDA5 /* LaoliangStoryTests */,
			);
		};
/* End PBXProject section */

/* Begin PBXResourcesBuildPhase section */
		15829CF71BD5E9FD0011EDA5 /* Resources */ = {
			isa = PBXResourcesBuildPhase;
			buildActionMask = 2147483647;
			files = (
<<<<<<< HEAD
				155C948E1BD9CC890067B0F5 /* 浮夸.mp3 in Resources */,
				155C948B1BD9CC890067B0F5 /* Shake It Off.mp3 in Resources */,
				155C948A1BD9CC890067B0F5 /* Property List.plist in Resources */,
				15829D081BD5E9FD0011EDA5 /* Main.storyboard in Resources */,
				155C94CA1BD9CCCD0067B0F5 /* volleft@2x.png in Resources */,
				155C948C1BD9CC890067B0F5 /* Skipalong.mp3 in Resources */,
				155C94BE1BD9CCCD0067B0F5 /* play1@2x.png in Resources */,
=======
>>>>>>> ac1e03c131456b7ea698a29e28a1aba96019c1de
				15829D0D1BD5E9FD0011EDA5 /* LaunchScreen.xib in Resources */,
				155C94BC1BD9CCCD0067B0F5 /* mo.png in Resources */,
				155C94BD1BD9CCCD0067B0F5 /* pause@2x.png in Resources */,
				155C94B71BD9CCCD0067B0F5 /* hu.png in Resources */,
				155C948F1BD9CC890067B0F5 /* 海阔天空.mp3 in Resources */,
				155C94C81BD9CCCD0067B0F5 /* shunxv3@2x.png in Resources */,
				155C948D1BD9CC890067B0F5 /* 山丘.mp3 in Resources */,
				155C94B91BD9CCCD0067B0F5 /* juhua.png in Resources */,
				155C94BB1BD9CCCD0067B0F5 /* liked@2x.png in Resources */,
				154556141BD877D200144AC9 /* TSplayerView.xib in Resources */,
				15DE33811BD7FFCE0092A29C /* ItemView.xib in Resources */,
<<<<<<< HEAD
				155C94C71BD9CCCD0067B0F5 /* shunxv1@2x.png in Resources */,
				155C94C31BD9CCCD0067B0F5 /* rightslider@2x.png in Resources */,
=======
				152EF09D1BD953CA009AADC7 /* Main.storyboard in Resources */,
>>>>>>> ac1e03c131456b7ea698a29e28a1aba96019c1de
				15DE33541BD7F4F40092A29C /* data.plist in Resources */,
				155C94BF1BD9CCCD0067B0F5 /* play2@2x.png in Resources */,
				155C94B51BD9CCCD0067B0F5 /* Default@3x.png in Resources */,
				155C94C91BD9CCCD0067B0F5 /* voldrag@2x.png in Resources */,
				155C94911BD9CC890067B0F5 /* 默.mp3 in Resources */,
				155C94C41BD9CCCD0067B0F5 /* shake.png in Resources */,
				155C94B01BD9CCCD0067B0F5 /* 42c@2x.png in Resources */,
				155C94C61BD9CCCD0067B0F5 /* share@2x.png in Resources */,
				155C94C01BD9CCCD0067B0F5 /* play3@2x.png in Resources */,
				155C94881BD9CC890067B0F5 /* Blue Skies.mp3 in Resources */,
				155C94BA1BD9CCCD0067B0F5 /* le.png in Resources */,
				155C94CB1BD9CCCD0067B0F5 /* volright@2x.png in Resources */,
				155C94891BD9CC890067B0F5 /* MusicInfo.plist in Resources */,
				155C94C11BD9CCCD0067B0F5 /* play4@2x.png in Resources */,
				155C94B31BD9CCCD0067B0F5 /* bl.png in Resources */,
				155C94901BD9CC890067B0F5 /* 菊花爆满山.mp3 in Resources */,
				155C94B21BD9CCCD0067B0F5 /* backimage.png in Resources */,
				155C94C51BD9CCCD0067B0F5 /* shan.png in Resources */,
				155C94CC1BD9CCCD0067B0F5 /* xz@2x.png in Resources */,
				155C94B81BD9CCCD0067B0F5 /* img.png in Resources */,
				155C94C21BD9CCCD0067B0F5 /* play5@2x.png in Resources */,
				155C94B11BD9CCCD0067B0F5 /* 42e@2x.png in Resources */,
				155C94B41BD9CCCD0067B0F5 /* dd1@2x.png in Resources */,
				155C94B61BD9CCCD0067B0F5 /* hai.png in Resources */,
				15829D0A1BD5E9FD0011EDA5 /* Images.xcassets in Resources */,
			);
			runOnlyForDeploymentPostprocessing = 0;
		};
		15829D101BD5E9FD0011EDA5 /* Resources */ = {
			isa = PBXResourcesBuildPhase;
			buildActionMask = 2147483647;
			files = (
			);
			runOnlyForDeploymentPostprocessing = 0;
		};
/* End PBXResourcesBuildPhase section */

/* Begin PBXSourcesBuildPhase section */
		15829CF51BD5E9FD0011EDA5 /* Sources */ = {
			isa = PBXSourcesBuildPhase;
			buildActionMask = 2147483647;
			files = (
				155C94731BD8C41C0067B0F5 /* UIImage+GIF.m in Sources */,
				155C94701BD8C41C0067B0F5 /* SDWebImageManager.m in Sources */,
				155C94771BD8C41C0067B0F5 /* UIImageView+WebCache.m in Sources */,
				155C946F1BD8C41C0067B0F5 /* SDWebImageDownloaderOperation.m in Sources */,
				15829D021BD5E9FD0011EDA5 /* AppDelegate.m in Sources */,
				155C946B1BD8C41C0067B0F5 /* SDImageCache.m in Sources */,
				155C94691BD8C41C0067B0F5 /* MKAnnotationView+WebCache.m in Sources */,
				15DE33801BD7FFCE0092A29C /* ItemView.m in Sources */,
				155C94741BD8C41C0067B0F5 /* UIImage+MultiFormat.m in Sources */,
				15DE339D1BD80E1F0092A29C /* TSBaseMedol.m in Sources */,
				152EF0A61BD97CF7009AADC7 /* GroupMedol.m in Sources */,
				15DE33891BD800BD0092A29C /* HistoryController.m in Sources */,
				155C94781BD8C41C0067B0F5 /* UIView+WebCacheOperation.m in Sources */,
				15DE336F1BD7FE550092A29C /* HomeViewController.m in Sources */,
				155C94751BD8C41C0067B0F5 /* UIImage+WebP.m in Sources */,
				155C94711BD8C41C0067B0F5 /* SDWebImagePrefetcher.m in Sources */,
				155C947C1BD8C45B0067B0F5 /* MBProgressHUD.m in Sources */,
				154556131BD877D200144AC9 /* TSplayerView.m in Sources */,
				15829CFF1BD5E9FD0011EDA5 /* main.m in Sources */,
				15829D371BD5EB380011EDA5 /* TSTabBarController.m in Sources */,
				155C946C1BD8C41C0067B0F5 /* SDWebImageCompat.m in Sources */,
				155C946A1BD8C41C0067B0F5 /* NSData+ImageContentType.m in Sources */,
				155C946D1BD8C41C0067B0F5 /* SDWebImageDecoder.m in Sources */,
				15DE33901BD800C70092A29C /* TSLoadController.m in Sources */,
				155C94761BD8C41C0067B0F5 /* UIImageView+HighlightedWebCache.m in Sources */,
				155C94721BD8C41C0067B0F5 /* UIButton+WebCache.m in Sources */,
				15DE33821BD7FFCE0092A29C /* TStorydetailCell.m in Sources */,
				152EF0AC1BD9AAE5009AADC7 /* ProgramsMedol.m in Sources */,
				15DE33701BD7FE550092A29C /* StorydetailViewController.m in Sources */,
				154556171BD877FE00144AC9 /* PlayerViewController.m in Sources */,
				1547C78B1BD8866000CB6A32 /* ItemMedol .m in Sources */,
				152EF0A91BD99D1A009AADC7 /* LoadSqlistData.m in Sources */,
				15829D341BD5EB210011EDA5 /* TSNavgationController.m in Sources */,
				155C946E1BD8C41C0067B0F5 /* SDWebImageDownloader.m in Sources */,
				155C94441BD8AAB20067B0F5 /* SettingTableController.m in Sources */,
			);
			runOnlyForDeploymentPostprocessing = 0;
		};
		15829D0E1BD5E9FD0011EDA5 /* Sources */ = {
			isa = PBXSourcesBuildPhase;
			buildActionMask = 2147483647;
			files = (
				15829D191BD5E9FD0011EDA5 /* LaoliangStoryTests.m in Sources */,
			);
			runOnlyForDeploymentPostprocessing = 0;
		};
/* End PBXSourcesBuildPhase section */

/* Begin PBXTargetDependency section */
		15829D141BD5E9FD0011EDA5 /* PBXTargetDependency */ = {
			isa = PBXTargetDependency;
			target = 15829CF81BD5E9FD0011EDA5 /* LaoliangStory */;
			targetProxy = 15829D131BD5E9FD0011EDA5 /* PBXContainerItemProxy */;
		};
/* End PBXTargetDependency section */

/* Begin PBXVariantGroup section */
		152EF09B1BD953CA009AADC7 /* Main.storyboard */ = {
			isa = PBXVariantGroup;
			children = (
				152EF09C1BD953CA009AADC7 /* Base */,
			);
			name = Main.storyboard;
			sourceTree = "<group>";
		};
		15829D0B1BD5E9FD0011EDA5 /* LaunchScreen.xib */ = {
			isa = PBXVariantGroup;
			children = (
				15829D0C1BD5E9FD0011EDA5 /* Base */,
			);
			name = LaunchScreen.xib;
			sourceTree = "<group>";
		};
/* End PBXVariantGroup section */

/* Begin XCBuildConfiguration section */
		15829D1A1BD5E9FD0011EDA5 /* Debug */ = {
			isa = XCBuildConfiguration;
			buildSettings = {
				ALWAYS_SEARCH_USER_PATHS = NO;
				CLANG_CXX_LANGUAGE_STANDARD = "gnu++0x";
				CLANG_CXX_LIBRARY = "libc++";
				CLANG_ENABLE_MODULES = YES;
				CLANG_ENABLE_OBJC_ARC = YES;
				CLANG_WARN_BOOL_CONVERSION = YES;
				CLANG_WARN_CONSTANT_CONVERSION = YES;
				CLANG_WARN_DIRECT_OBJC_ISA_USAGE = YES_ERROR;
				CLANG_WARN_EMPTY_BODY = YES;
				CLANG_WARN_ENUM_CONVERSION = YES;
				CLANG_WARN_INT_CONVERSION = YES;
				CLANG_WARN_OBJC_ROOT_CLASS = YES_ERROR;
				CLANG_WARN_UNREACHABLE_CODE = YES;
				CLANG_WARN__DUPLICATE_METHOD_MATCH = YES;
				"CODE_SIGN_IDENTITY[sdk=iphoneos*]" = "iPhone Developer";
				COPY_PHASE_STRIP = NO;
				ENABLE_STRICT_OBJC_MSGSEND = YES;
				GCC_C_LANGUAGE_STANDARD = gnu99;
				GCC_DYNAMIC_NO_PIC = NO;
				GCC_OPTIMIZATION_LEVEL = 0;
				GCC_PREPROCESSOR_DEFINITIONS = (
					"DEBUG=1",
					"$(inherited)",
				);
				GCC_SYMBOLS_PRIVATE_EXTERN = NO;
				GCC_WARN_64_TO_32_BIT_CONVERSION = YES;
				GCC_WARN_ABOUT_RETURN_TYPE = YES_ERROR;
				GCC_WARN_UNDECLARED_SELECTOR = YES;
				GCC_WARN_UNINITIALIZED_AUTOS = YES_AGGRESSIVE;
				GCC_WARN_UNUSED_FUNCTION = YES;
				GCC_WARN_UNUSED_VARIABLE = YES;
				IPHONEOS_DEPLOYMENT_TARGET = 8.2;
				MTL_ENABLE_DEBUG_INFO = YES;
				ONLY_ACTIVE_ARCH = YES;
				SDKROOT = iphoneos;
			};
			name = Debug;
		};
		15829D1B1BD5E9FD0011EDA5 /* Release */ = {
			isa = XCBuildConfiguration;
			buildSettings = {
				ALWAYS_SEARCH_USER_PATHS = NO;
				CLANG_CXX_LANGUAGE_STANDARD = "gnu++0x";
				CLANG_CXX_LIBRARY = "libc++";
				CLANG_ENABLE_MODULES = YES;
				CLANG_ENABLE_OBJC_ARC = YES;
				CLANG_WARN_BOOL_CONVERSION = YES;
				CLANG_WARN_CONSTANT_CONVERSION = YES;
				CLANG_WARN_DIRECT_OBJC_ISA_USAGE = YES_ERROR;
				CLANG_WARN_EMPTY_BODY = YES;
				CLANG_WARN_ENUM_CONVERSION = YES;
				CLANG_WARN_INT_CONVERSION = YES;
				CLANG_WARN_OBJC_ROOT_CLASS = YES_ERROR;
				CLANG_WARN_UNREACHABLE_CODE = YES;
				CLANG_WARN__DUPLICATE_METHOD_MATCH = YES;
				"CODE_SIGN_IDENTITY[sdk=iphoneos*]" = "iPhone Developer";
				COPY_PHASE_STRIP = NO;
				ENABLE_NS_ASSERTIONS = NO;
				ENABLE_STRICT_OBJC_MSGSEND = YES;
				GCC_C_LANGUAGE_STANDARD = gnu99;
				GCC_WARN_64_TO_32_BIT_CONVERSION = YES;
				GCC_WARN_ABOUT_RETURN_TYPE = YES_ERROR;
				GCC_WARN_UNDECLARED_SELECTOR = YES;
				GCC_WARN_UNINITIALIZED_AUTOS = YES_AGGRESSIVE;
				GCC_WARN_UNUSED_FUNCTION = YES;
				GCC_WARN_UNUSED_VARIABLE = YES;
				IPHONEOS_DEPLOYMENT_TARGET = 8.2;
				MTL_ENABLE_DEBUG_INFO = NO;
				SDKROOT = iphoneos;
				VALIDATE_PRODUCT = YES;
			};
			name = Release;
		};
		15829D1D1BD5E9FD0011EDA5 /* Debug */ = {
			isa = XCBuildConfiguration;
			buildSettings = {
				ASSETCATALOG_COMPILER_APPICON_NAME = AppIcon;
				GCC_PRECOMPILE_PREFIX_HEADER = YES;
				GCC_PREFIX_HEADER = LaoliangStory/PrefixHeader.pch;
				INFOPLIST_FILE = LaoliangStory/Info.plist;
				LD_RUNPATH_SEARCH_PATHS = "$(inherited) @executable_path/Frameworks";
				PRODUCT_NAME = "$(TARGET_NAME)";
			};
			name = Debug;
		};
		15829D1E1BD5E9FD0011EDA5 /* Release */ = {
			isa = XCBuildConfiguration;
			buildSettings = {
				ASSETCATALOG_COMPILER_APPICON_NAME = AppIcon;
				GCC_PRECOMPILE_PREFIX_HEADER = YES;
				GCC_PREFIX_HEADER = LaoliangStory/PrefixHeader.pch;
				INFOPLIST_FILE = LaoliangStory/Info.plist;
				LD_RUNPATH_SEARCH_PATHS = "$(inherited) @executable_path/Frameworks";
				PRODUCT_NAME = "$(TARGET_NAME)";
			};
			name = Release;
		};
		15829D201BD5E9FD0011EDA5 /* Debug */ = {
			isa = XCBuildConfiguration;
			buildSettings = {
				BUNDLE_LOADER = "$(TEST_HOST)";
				FRAMEWORK_SEARCH_PATHS = (
					"$(SDKROOT)/Developer/Library/Frameworks",
					"$(inherited)",
				);
				GCC_PREPROCESSOR_DEFINITIONS = (
					"DEBUG=1",
					"$(inherited)",
				);
				INFOPLIST_FILE = LaoliangStoryTests/Info.plist;
				LD_RUNPATH_SEARCH_PATHS = "$(inherited) @executable_path/Frameworks @loader_path/Frameworks";
				PRODUCT_NAME = "$(TARGET_NAME)";
				TEST_HOST = "$(BUILT_PRODUCTS_DIR)/LaoliangStory.app/LaoliangStory";
			};
			name = Debug;
		};
		15829D211BD5E9FD0011EDA5 /* Release */ = {
			isa = XCBuildConfiguration;
			buildSettings = {
				BUNDLE_LOADER = "$(TEST_HOST)";
				FRAMEWORK_SEARCH_PATHS = (
					"$(SDKROOT)/Developer/Library/Frameworks",
					"$(inherited)",
				);
				INFOPLIST_FILE = LaoliangStoryTests/Info.plist;
				LD_RUNPATH_SEARCH_PATHS = "$(inherited) @executable_path/Frameworks @loader_path/Frameworks";
				PRODUCT_NAME = "$(TARGET_NAME)";
				TEST_HOST = "$(BUILT_PRODUCTS_DIR)/LaoliangStory.app/LaoliangStory";
			};
			name = Release;
		};
/* End XCBuildConfiguration section */

/* Begin XCConfigurationList section */
		15829CF41BD5E9FD0011EDA5 /* Build configuration list for PBXProject "LaoliangStory" */ = {
			isa = XCConfigurationList;
			buildConfigurations = (
				15829D1A1BD5E9FD0011EDA5 /* Debug */,
				15829D1B1BD5E9FD0011EDA5 /* Release */,
			);
			defaultConfigurationIsVisible = 0;
			defaultConfigurationName = Release;
		};
		15829D1C1BD5E9FD0011EDA5 /* Build configuration list for PBXNativeTarget "LaoliangStory" */ = {
			isa = XCConfigurationList;
			buildConfigurations = (
				15829D1D1BD5E9FD0011EDA5 /* Debug */,
				15829D1E1BD5E9FD0011EDA5 /* Release */,
			);
			defaultConfigurationIsVisible = 0;
			defaultConfigurationName = Release;
		};
		15829D1F1BD5E9FD0011EDA5 /* Build configuration list for PBXNativeTarget "LaoliangStoryTests" */ = {
			isa = XCConfigurationList;
			buildConfigurations = (
				15829D201BD5E9FD0011EDA5 /* Debug */,
				15829D211BD5E9FD0011EDA5 /* Release */,
			);
			defaultConfigurationIsVisible = 0;
			defaultConfigurationName = Release;
		};
/* End XCConfigurationList section */
	};
	rootObject = 15829CF11BD5E9FD0011EDA5 /* Project object */;
}
